
Microsoft Visual Studio Solution File, Format Version 12.00
# Visual Studio Version 16
VisualStudioVersion = 16.0.29411.108
MinimumVisualStudioVersion = 10.0.40219.1
Project("{FAE04EC0-301F-11D3-BF4B-00C04F79EFBC}") = "PEvaluativa1", "PEvaluativa1\PEvaluativa1.csproj", "{B2922D5F-C700-434E-9D43-EF6A6933CC3F}"
EndProject
Global
	GlobalSection(SolutionConfigurationPlatforms) = preSolution
		Debug|Any CPU = Debug|Any CPU
		Release|Any CPU = Release|Any CPU
	EndGlobalSection
	GlobalSection(ProjectConfigurationPlatforms) = postSolution
		{B2922D5F-C700-434E-9D43-EF6A6933CC3F}.Debug|Any CPU.ActiveCfg = Debug|Any CPU
		{B2922D5F-C700-434E-9D43-EF6A6933CC3F}.Debug|Any CPU.Build.0 = Debug|Any CPU
		{B2922D5F-C700-434E-9D43-EF6A6933CC3F}.Release|Any CPU.ActiveCfg = Release|Any CPU
		{B2922D5F-C700-434E-9D43-EF6A6933CC3F}.Release|Any CPU.Build.0 = Release|Any CPU
	EndGlobalSection
	GlobalSection(SolutionProperties) = preSolution
		HideSolutionNode = FALSE
	EndGlobalSection
	GlobalSection(ExtensibilityGlobals) = postSolution
		SolutionGuid = {D01B15F2-334D-429A-B126-33809862DB2F}
	EndGlobalSection
EndGlobal
